
Microsoft Visual Studio Solution File, Format Version 12.00
# Visual Studio Version 16
VisualStudioVersion = 16.6.30114.105
MinimumVisualStudioVersion = 10.0.40219.1
Project("{FAE04EC0-301F-11D3-BF4B-00C04F79EFBC}") = "App", "App\App.csproj", "{580D2A5D-BD1C-495D-812D-E1822D1A16F8}"
EndProject
Project("{FAE04EC0-301F-11D3-BF4B-00C04F79EFBC}") = "App.Tests", "App.Tests\App.Tests.csproj", "{633A25EE-FB3F-4581-BF56-1B567225269C}"
EndProject
Global
	GlobalSection(SolutionConfigurationPlatforms) = preSolution
		Debug|Any CPU = Debug|Any CPU
		Debug|x64 = Debug|x64
		Debug|x86 = Debug|x86
		Release|Any CPU = Release|Any CPU
		Release|x64 = Release|x64
		Release|x86 = Release|x86
	EndGlobalSection
	GlobalSection(SolutionProperties) = preSolution
		HideSolutionNode = FALSE
	EndGlobalSection
	GlobalSection(ProjectConfigurationPlatforms) = postSolution
		{580D2A5D-BD1C-495D-812D-E1822D1A16F8}.Debug|Any CPU.ActiveCfg = Debug|Any CPU
		{580D2A5D-BD1C-495D-812D-E1822D1A16F8}.Debug|Any CPU.Build.0 = Debug|Any CPU
		{580D2A5D-BD1C-495D-812D-E1822D1A16F8}.Debug|x64.ActiveCfg = Debug|Any CPU
		{580D2A5D-BD1C-495D-812D-E1822D1A16F8}.Debug|x64.Build.0 = Debug|Any CPU
		{580D2A5D-BD1C-495D-812D-E1822D1A16F8}.Debug|x86.ActiveCfg = Debug|Any CPU
		{580D2A5D-BD1C-495D-812D-E1822D1A16F8}.Debug|x86.Build.0 = Debug|Any CPU
		{580D2A5D-BD1C-495D-812D-E1822D1A16F8}.Release|Any CPU.ActiveCfg = Release|Any CPU
		{580D2A5D-BD1C-495D-812D-E1822D1A16F8}.Release|Any CPU.Build.0 = Release|Any CPU
		{580D2A5D-BD1C-495D-812D-E1822D1A16F8}.Release|x64.ActiveCfg = Release|Any CPU
		{580D2A5D-BD1C-495D-812D-E1822D1A16F8}.Release|x64.Build.0 = Release|Any CPU
		{580D2A5D-BD1C-495D-812D-E1822D1A16F8}.Release|x86.ActiveCfg = Release|Any CPU
		{580D2A5D-BD1C-495D-812D-E1822D1A16F8}.Release|x86.Build.0 = Release|Any CPU
		{633A25EE-FB3F-4581-BF56-1B567225269C}.Debug|Any CPU.ActiveCfg = Debug|Any CPU
		{633A25EE-FB3F-4581-BF56-1B567225269C}.Debug|Any CPU.Build.0 = Debug|Any CPU
		{633A25EE-FB3F-4581-BF56-1B567225269C}.Debug|x64.ActiveCfg = Debug|Any CPU
		{633A25EE-FB3F-4581-BF56-1B567225269C}.Debug|x64.Build.0 = Debug|Any CPU
		{633A25EE-FB3F-4581-BF56-1B567225269C}.Debug|x86.ActiveCfg = Debug|Any CPU
		{633A25EE-FB3F-4581-BF56-1B567225269C}.Debug|x86.Build.0 = Debug|Any CPU
		{633A25EE-FB3F-4581-BF56-1B567225269C}.Release|Any CPU.ActiveCfg = Release|Any CPU
		{633A25EE-FB3F-4581-BF56-1B567225269C}.Release|Any CPU.Build.0 = Release|Any CPU
		{633A25EE-FB3F-4581-BF56-1B567225269C}.Release|x64.ActiveCfg = Release|Any CPU
		{633A25EE-FB3F-4581-BF56-1B567225269C}.Release|x64.Build.0 = Release|Any CPU
		{633A25EE-FB3F-4581-BF56-1B567225269C}.Release|x86.ActiveCfg = Release|Any CPU
		{633A25EE-FB3F-4581-BF56-1B567225269C}.Release|x86.Build.0 = Release|Any CPU
	EndGlobalSection
EndGlobal
